
Microsoft Visual Studio Solution File, Format Version 12.00
# Visual Studio Version 16
VisualStudioVersion = 16.0.28803.202
MinimumVisualStudioVersion = 10.0.40219.1
Project("{FAE04EC0-301F-11D3-BF4B-00C04F79EFBC}") = "NodeRestrict", "NodeRestrict\NodeRestrict.csproj", "{423B2EAB-7FFF-43FA-AB25-B33367A02AEC}"
EndProject
Project("{FAE04EC0-301F-11D3-BF4B-00C04F79EFBC}") = "UmbracoV8", "UmbracoV8\UmbracoV8.csproj", "{57774835-AB10-4E14-A3DD-690A261FA291}"
EndProject
Global
	GlobalSection(SolutionConfigurationPlatforms) = preSolution
		Debug|Any CPU = Debug|Any CPU
		Release|Any CPU = Release|Any CPU
	EndGlobalSection
	GlobalSection(ProjectConfigurationPlatforms) = postSolution
		{423B2EAB-7FFF-43FA-AB25-B33367A02AEC}.Debug|Any CPU.ActiveCfg = Debug|Any CPU
		{423B2EAB-7FFF-43FA-AB25-B33367A02AEC}.Debug|Any CPU.Build.0 = Debug|Any CPU
		{423B2EAB-7FFF-43FA-AB25-B33367A02AEC}.Release|Any CPU.ActiveCfg = Release|Any CPU
		{423B2EAB-7FFF-43FA-AB25-B33367A02AEC}.Release|Any CPU.Build.0 = Release|Any CPU
		{57774835-AB10-4E14-A3DD-690A261FA291}.Debug|Any CPU.ActiveCfg = Debug|Any CPU
		{57774835-AB10-4E14-A3DD-690A261FA291}.Debug|Any CPU.Build.0 = Debug|Any CPU
		{57774835-AB10-4E14-A3DD-690A261FA291}.Release|Any CPU.ActiveCfg = Release|Any CPU
		{57774835-AB10-4E14-A3DD-690A261FA291}.Release|Any CPU.Build.0 = Release|Any CPU
	EndGlobalSection
	GlobalSection(SolutionProperties) = preSolution
		HideSolutionNode = FALSE
	EndGlobalSection
	GlobalSection(ExtensibilityGlobals) = postSolution
		SolutionGuid = {4FAC55A9-E241-4AB6-96DF-FE3FD7BBA75F}
	EndGlobalSection
EndGlobal
