
Microsoft Visual Studio Solution File, Format Version 12.00
# Visual Studio 14
VisualStudioVersion = 14.0.25420.1
MinimumVisualStudioVersion = 10.0.40219.1
Project("{FAE04EC0-301F-11D3-BF4B-00C04F79EFBC}") = "NodeRestrict", "NodeRestrict\NodeRestrict.csproj", "{423B2EAB-7FFF-43FA-AB25-B33367A02AEC}"
EndProject
Project("{2150E333-8FDC-42A3-9474-1A3956D46DE8}") = "Sample_Config", "Sample_Config", "{BE5B1539-BFA8-43C0-853A-FC4230CB6BF7}"
	ProjectSection(SolutionItems) = preProject
		Sample_Config\NodeRestrict.config = Sample_Config\NodeRestrict.config
	EndProjectSection
EndProject
Global
	GlobalSection(SolutionConfigurationPlatforms) = preSolution
		Debug|Any CPU = Debug|Any CPU
		Release|Any CPU = Release|Any CPU
	EndGlobalSection
	GlobalSection(ProjectConfigurationPlatforms) = postSolution
		{423B2EAB-7FFF-43FA-AB25-B33367A02AEC}.Debug|Any CPU.ActiveCfg = Debug|Any CPU
		{423B2EAB-7FFF-43FA-AB25-B33367A02AEC}.Debug|Any CPU.Build.0 = Debug|Any CPU
		{423B2EAB-7FFF-43FA-AB25-B33367A02AEC}.Release|Any CPU.ActiveCfg = Release|Any CPU
		{423B2EAB-7FFF-43FA-AB25-B33367A02AEC}.Release|Any CPU.Build.0 = Release|Any CPU
	EndGlobalSection
	GlobalSection(SolutionProperties) = preSolution
		HideSolutionNode = FALSE
	EndGlobalSection
EndGlobal
