
Microsoft Visual Studio Solution File, Format Version 12.00
# Visual Studio Version 18
VisualStudioVersion = 18.2.11415.280
MinimumVisualStudioVersion = 10.0.40219.1
Project("{9A19103F-16F7-4668-BE54-9A1E7A4F7556}") = "DotSee.Discipline", "DotSee.Discipline\DotSee.Discipline.csproj", "{DAEAAFA3-EA25-4328-BC79-69A7A4D788F8}"
EndProject
Project("{FAE04EC0-301F-11D3-BF4B-00C04F79EFBC}") = "UmbracoV17", "UmbracoV17\UmbracoV17.csproj", "{81B51553-7FE2-5F5D-063F-7C1B4B23FDA9}"
EndProject
Project("{FAE04EC0-301F-11D3-BF4B-00C04F79EFBC}") = "DotSee.Discipline.Tests", "DotSee.Discipline.Tests\DotSee.Discipline.Tests.csproj", "{A5EA284D-CED4-4074-85E5-6B204C265057}"
EndProject
Global
	GlobalSection(SolutionConfigurationPlatforms) = preSolution
		Debug|Any CPU = Debug|Any CPU
		Debug|x64 = Debug|x64
		Debug|x86 = Debug|x86
		Release|Any CPU = Release|Any CPU
		Release|x64 = Release|x64
		Release|x86 = Release|x86
	EndGlobalSection
	GlobalSection(ProjectConfigurationPlatforms) = postSolution
		{DAEAAFA3-EA25-4328-BC79-69A7A4D788F8}.Debug|Any CPU.ActiveCfg = Debug|Any CPU
		{DAEAAFA3-EA25-4328-BC79-69A7A4D788F8}.Debug|Any CPU.Build.0 = Debug|Any CPU
		{DAEAAFA3-EA25-4328-BC79-69A7A4D788F8}.Debug|x64.ActiveCfg = Debug|Any CPU
		{DAEAAFA3-EA25-4328-BC79-69A7A4D788F8}.Debug|x64.Build.0 = Debug|Any CPU
		{DAEAAFA3-EA25-4328-BC79-69A7A4D788F8}.Debug|x86.ActiveCfg = Debug|Any CPU
		{DAEAAFA3-EA25-4328-BC79-69A7A4D788F8}.Debug|x86.Build.0 = Debug|Any CPU
		{DAEAAFA3-EA25-4328-BC79-69A7A4D788F8}.Release|Any CPU.ActiveCfg = Release|Any CPU
		{DAEAAFA3-EA25-4328-BC79-69A7A4D788F8}.Release|Any CPU.Build.0 = Release|Any CPU
		{DAEAAFA3-EA25-4328-BC79-69A7A4D788F8}.Release|x64.ActiveCfg = Release|Any CPU
		{DAEAAFA3-EA25-4328-BC79-69A7A4D788F8}.Release|x64.Build.0 = Release|Any CPU
		{DAEAAFA3-EA25-4328-BC79-69A7A4D788F8}.Release|x86.ActiveCfg = Release|Any CPU
		{DAEAAFA3-EA25-4328-BC79-69A7A4D788F8}.Release|x86.Build.0 = Release|Any CPU
		{81B51553-7FE2-5F5D-063F-7C1B4B23FDA9}.Debug|Any CPU.ActiveCfg = Debug|Any CPU
		{81B51553-7FE2-5F5D-063F-7C1B4B23FDA9}.Debug|Any CPU.Build.0 = Debug|Any CPU
		{81B51553-7FE2-5F5D-063F-7C1B4B23FDA9}.Debug|x64.ActiveCfg = Debug|Any CPU
		{81B51553-7FE2-5F5D-063F-7C1B4B23FDA9}.Debug|x64.Build.0 = Debug|Any CPU
		{81B51553-7FE2-5F5D-063F-7C1B4B23FDA9}.Debug|x86.ActiveCfg = Debug|Any CPU
		{81B51553-7FE2-5F5D-063F-7C1B4B23FDA9}.Debug|x86.Build.0 = Debug|Any CPU
		{81B51553-7FE2-5F5D-063F-7C1B4B23FDA9}.Release|Any CPU.ActiveCfg = Release|Any CPU
		{81B51553-7FE2-5F5D-063F-7C1B4B23FDA9}.Release|Any CPU.Build.0 = Release|Any CPU
		{81B51553-7FE2-5F5D-063F-7C1B4B23FDA9}.Release|x64.ActiveCfg = Release|Any CPU
		{81B51553-7FE2-5F5D-063F-7C1B4B23FDA9}.Release|x64.Build.0 = Release|Any CPU
		{81B51553-7FE2-5F5D-063F-7C1B4B23FDA9}.Release|x86.ActiveCfg = Release|Any CPU
		{81B51553-7FE2-5F5D-063F-7C1B4B23FDA9}.Release|x86.Build.0 = Release|Any CPU
		{A5EA284D-CED4-4074-85E5-6B204C265057}.Debug|Any CPU.ActiveCfg = Debug|Any CPU
		{A5EA284D-CED4-4074-85E5-6B204C265057}.Debug|Any CPU.Build.0 = Debug|Any CPU
		{A5EA284D-CED4-4074-85E5-6B204C265057}.Debug|x64.ActiveCfg = Debug|Any CPU
		{A5EA284D-CED4-4074-85E5-6B204C265057}.Debug|x64.Build.0 = Debug|Any CPU
		{A5EA284D-CED4-4074-85E5-6B204C265057}.Debug|x86.ActiveCfg = Debug|Any CPU
		{A5EA284D-CED4-4074-85E5-6B204C265057}.Debug|x86.Build.0 = Debug|Any CPU
		{A5EA284D-CED4-4074-85E5-6B204C265057}.Release|Any CPU.ActiveCfg = Release|Any CPU
		{A5EA284D-CED4-4074-85E5-6B204C265057}.Release|Any CPU.Build.0 = Release|Any CPU
		{A5EA284D-CED4-4074-85E5-6B204C265057}.Release|x64.ActiveCfg = Release|Any CPU
		{A5EA284D-CED4-4074-85E5-6B204C265057}.Release|x64.Build.0 = Release|Any CPU
		{A5EA284D-CED4-4074-85E5-6B204C265057}.Release|x86.ActiveCfg = Release|Any CPU
		{A5EA284D-CED4-4074-85E5-6B204C265057}.Release|x86.Build.0 = Release|Any CPU
	EndGlobalSection
	GlobalSection(SolutionProperties) = preSolution
		HideSolutionNode = FALSE
	EndGlobalSection
	GlobalSection(ExtensibilityGlobals) = postSolution
		SolutionGuid = {5DB97B06-7419-4BE2-94C4-2140D7A81921}
	EndGlobalSection
EndGlobal
