
Microsoft Visual Studio Solution File, Format Version 12.00
# Visual Studio Version 17
VisualStudioVersion = 17.7.34031.279
MinimumVisualStudioVersion = 10.0.40219.1
Project("{9A19103F-16F7-4668-BE54-9A1E7A4F7556}") = "DotSee.Discipline", "DotSee.Discipline\DotSee.Discipline.csproj", "{DAEAAFA3-EA25-4328-BC79-69A7A4D788F8}"
EndProject
Project("{9A19103F-16F7-4668-BE54-9A1E7A4F7556}") = "UmbracoV10", "UmbracoV10\UmbracoV10.csproj", "{E137483B-33E9-4799-93C3-78BB1CDA9BD3}"
EndProject
Project("{FAE04EC0-301F-11D3-BF4B-00C04F79EFBC}") = "DotSee.Discipline.Tests", "DotSee.Discipline.Tests\DotSee.Discipline.Tests.csproj", "{243ABA91-4E4B-4BC4-BDEB-AD022214C02E}"
EndProject
Global
	GlobalSection(SolutionConfigurationPlatforms) = preSolution
		Debug|Any CPU = Debug|Any CPU
		Release|Any CPU = Release|Any CPU
	EndGlobalSection
	GlobalSection(ProjectConfigurationPlatforms) = postSolution
		{DAEAAFA3-EA25-4328-BC79-69A7A4D788F8}.Debug|Any CPU.ActiveCfg = Debug|Any CPU
		{DAEAAFA3-EA25-4328-BC79-69A7A4D788F8}.Debug|Any CPU.Build.0 = Debug|Any CPU
		{DAEAAFA3-EA25-4328-BC79-69A7A4D788F8}.Release|Any CPU.ActiveCfg = Release|Any CPU
		{DAEAAFA3-EA25-4328-BC79-69A7A4D788F8}.Release|Any CPU.Build.0 = Release|Any CPU
		{E137483B-33E9-4799-93C3-78BB1CDA9BD3}.Debug|Any CPU.ActiveCfg = Debug|Any CPU
		{E137483B-33E9-4799-93C3-78BB1CDA9BD3}.Debug|Any CPU.Build.0 = Debug|Any CPU
		{E137483B-33E9-4799-93C3-78BB1CDA9BD3}.Release|Any CPU.ActiveCfg = Release|Any CPU
		{E137483B-33E9-4799-93C3-78BB1CDA9BD3}.Release|Any CPU.Build.0 = Release|Any CPU
		{243ABA91-4E4B-4BC4-BDEB-AD022214C02E}.Debug|Any CPU.ActiveCfg = Debug|Any CPU
		{243ABA91-4E4B-4BC4-BDEB-AD022214C02E}.Debug|Any CPU.Build.0 = Debug|Any CPU
		{243ABA91-4E4B-4BC4-BDEB-AD022214C02E}.Release|Any CPU.ActiveCfg = Release|Any CPU
		{243ABA91-4E4B-4BC4-BDEB-AD022214C02E}.Release|Any CPU.Build.0 = Release|Any CPU
	EndGlobalSection
	GlobalSection(SolutionProperties) = preSolution
		HideSolutionNode = FALSE
	EndGlobalSection
	GlobalSection(ExtensibilityGlobals) = postSolution
		SolutionGuid = {5DB97B06-7419-4BE2-94C4-2140D7A81921}
	EndGlobalSection
EndGlobal
